// !$*UTF8*$!
{
	archiveVersion = 1;
	classes = {
	};
	objectVersion = 50;
	objects = {

/* Begin PBXBuildFile section */
		4A2955D1288D835F00DE44B8 /* PasswordViewController.swift in Sources */ = {isa = PBXBuildFile; fileRef = 4A2955D0288D835F00DE44B8 /* PasswordViewController.swift */; };
		4A39134828524E0800D42D10 /* Post.swift in Sources */ = {isa = PBXBuildFile; fileRef = 4A39134728524E0800D42D10 /* Post.swift */; };
		4AD94E65284A51CA00D65A5B /* AppDelegate.swift in Sources */ = {isa = PBXBuildFile; fileRef = 4AD94E64284A51CA00D65A5B /* AppDelegate.swift */; };
		4AD94E67284A51CA00D65A5B /* SceneDelegate.swift in Sources */ = {isa = PBXBuildFile; fileRef = 4AD94E66284A51CA00D65A5B /* SceneDelegate.swift */; };
		4AD94E69284A51CA00D65A5B /* ViewController.swift in Sources */ = {isa = PBXBuildFile; fileRef = 4AD94E68284A51CA00D65A5B /* ViewController.swift */; };
		4AD94E6C284A51CA00D65A5B /* Main.storyboard in Resources */ = {isa = PBXBuildFile; fileRef = 4AD94E6A284A51CA00D65A5B /* Main.storyboard */; };
		4AD94E6E284A51CC00D65A5B /* Assets.xcassets in Resources */ = {isa = PBXBuildFile; fileRef = 4AD94E6D284A51CC00D65A5B /* Assets.xcassets */; };
		4AD94E71284A51CC00D65A5B /* LaunchScreen.storyboard in Resources */ = {isa = PBXBuildFile; fileRef = 4AD94E6F284A51CC00D65A5B /* LaunchScreen.storyboard */; };
/* End PBXBuildFile section */

/* Begin PBXFileReference section */
		4A2955D0288D835F00DE44B8 /* PasswordViewController.swift */ = {isa = PBXFileReference; lastKnownFileType = sourcecode.swift; path = PasswordViewController.swift; sourceTree = "<group>"; };
		4A39134728524E0800D42D10 /* Post.swift */ = {isa = PBXFileReference; lastKnownFileType = sourcecode.swift; path = Post.swift; sourceTree = "<group>"; };
		4AD94E61284A51CA00D65A5B /* galleryImages.app */ = {isa = PBXFileReference; explicitFileType = wrapper.application; includeInIndex = 0; path = galleryImages.app; sourceTree = BUILT_PRODUCTS_DIR; };
		4AD94E64284A51CA00D65A5B /* AppDelegate.swift */ = {isa = PBXFileReference; lastKnownFileType = sourcecode.swift; path = AppDelegate.swift; sourceTree = "<group>"; };
		4AD94E66284A51CA00D65A5B /* SceneDelegate.swift */ = {isa = PBXFileReference; lastKnownFileType = sourcecode.swift; path = SceneDelegate.swift; sourceTree = "<group>"; };
		4AD94E68284A51CA00D65A5B /* ViewController.swift */ = {isa = PBXFileReference; lastKnownFileType = sourcecode.swift; path = ViewController.swift; sourceTree = "<group>"; };
		4AD94E6B284A51CA00D65A5B /* Base */ = {isa = PBXFileReference; lastKnownFileType = file.storyboard; name = Base; path = Base.lproj/Main.storyboard; sourceTree = "<group>"; };
		4AD94E6D284A51CC00D65A5B /* Assets.xcassets */ = {isa = PBXFileReference; lastKnownFileType = folder.assetcatalog; path = Assets.xcassets; sourceTree = "<group>"; };
		4AD94E70284A51CC00D65A5B /* Base */ = {isa = PBXFileReference; lastKnownFileType = file.storyboard; name = Base; path = Base.lproj/LaunchScreen.storyboard; sourceTree = "<group>"; };
		4AD94E72284A51CC00D65A5B /* Info.plist */ = {isa = PBXFileReference; lastKnownFileType = text.plist.xml; path = Info.plist; sourceTree = "<group>"; };
/* End PBXFileReference section */

/* Begin PBXFrameworksBuildPhase section */
		4AD94E5E284A51CA00D65A5B /* Frameworks */ = {
			isa = PBXFrameworksBuildPhase;
			buildActionMask = 2147483647;
			files = (
			);
			runOnlyForDeploymentPostprocessing = 0;
		};
/* End PBXFrameworksBuildPhase section */

/* Begin PBXGroup section */
		4AD94E58284A51CA00D65A5B = {
			isa = PBXGroup;
			children = (
				4AD94E63284A51CA00D65A5B /* galleryImages */,
				4AD94E62284A51CA00D65A5B /* Products */,
			);
			sourceTree = "<group>";
		};
		4AD94E62284A51CA00D65A5B /* Products */ = {
			isa = PBXGroup;
			children = (
				4AD94E61284A51CA00D65A5B /* galleryImages.app */,
			);
			name = Products;
			sourceTree = "<group>";
		};
		4AD94E63284A51CA00D65A5B /* galleryImages */ = {
			isa = PBXGroup;
			children = (
				4AD94E64284A51CA00D65A5B /* AppDelegate.swift */,
				4AD94E66284A51CA00D65A5B /* SceneDelegate.swift */,
				4AD94E68284A51CA00D65A5B /* ViewController.swift */,
				4A2955D0288D835F00DE44B8 /* PasswordViewController.swift */,
				4AD94E6A284A51CA00D65A5B /* Main.storyboard */,
				4A39134728524E0800D42D10 /* Post.swift */,
				4AD94E6D284A51CC00D65A5B /* Assets.xcassets */,
				4AD94E6F284A51CC00D65A5B /* LaunchScreen.storyboard */,
				4AD94E72284A51CC00D65A5B /* Info.plist */,
			);
			path = galleryImages;
			sourceTree = "<group>";
		};
/* End PBXGroup section */

/* Begin PBXNativeTarget section */
		4AD94E60284A51CA00D65A5B /* galleryImages */ = {
			isa = PBXNativeTarget;
			buildConfigurationList = 4AD94E75284A51CC00D65A5B /* Build configuration list for PBXNativeTarget "galleryImages" */;
			buildPhases = (
				4AD94E5D284A51CA00D65A5B /* Sources */,
				4AD94E5E284A51CA00D65A5B /* Frameworks */,
				4AD94E5F284A51CA00D65A5B /* Resources */,
			);
			buildRules = (
			);
			dependencies = (
			);
			name = galleryImages;
			productName = galleryImages;
			productReference = 4AD94E61284A51CA00D65A5B /* galleryImages.app */;
			productType = "com.apple.product-type.application";
		};
/* End PBXNativeTarget section */

/* Begin PBXProject section */
		4AD94E59284A51CA00D65A5B /* Project object */ = {
			isa = PBXProject;
			attributes = {
				LastSwiftUpdateCheck = 1240;
				LastUpgradeCheck = 1240;
				TargetAttributes = {
					4AD94E60284A51CA00D65A5B = {
						CreatedOnToolsVersion = 12.4;
					};
				};
			};
			buildConfigurationList = 4AD94E5C284A51CA00D65A5B /* Build configuration list for PBXProject "galleryImages" */;
			compatibilityVersion = "Xcode 9.3";
			developmentRegion = en;
			hasScannedForEncodings = 0;
			knownRegions = (
				en,
				Base,
			);
			mainGroup = 4AD94E58284A51CA00D65A5B;
			productRefGroup = 4AD94E62284A51CA00D65A5B /* Products */;
			projectDirPath = "";
			projectRoot = "";
			targets = (
				4AD94E60284A51CA00D65A5B /* galleryImages */,
			);
		};
/* End PBXProject section */

/* Begin PBXResourcesBuildPhase section */
		4AD94E5F284A51CA00D65A5B /* Resources */ = {
			isa = PBXResourcesBuildPhase;
			buildActionMask = 2147483647;
			files = (
				4AD94E71284A51CC00D65A5B /* LaunchScreen.storyboard in Resources */,
				4AD94E6E284A51CC00D65A5B /* Assets.xcassets in Resources */,
				4AD94E6C284A51CA00D65A5B /* Main.storyboard in Resources */,
			);
			runOnlyForDeploymentPostprocessing = 0;
		};
/* End PBXResourcesBuildPhase section */

/* Begin PBXSourcesBuildPhase section */
		4AD94E5D284A51CA00D65A5B /* Sources */ = {
			isa = PBXSourcesBuildPhase;
			buildActionMask = 2147483647;
			files = (
				4AD94E69284A51CA00D65A5B /* ViewController.swift in Sources */,
				4A2955D1288D835F00DE44B8 /* PasswordViewController.swift in Sources */,
				4AD94E65284A51CA00D65A5B /* AppDelegate.swift in Sources */,
				4AD94E67284A51CA00D65A5B /* SceneDelegate.swift in Sources */,
				4A39134828524E0800D42D10 /* Post.swift in Sources */,
			);
			runOnlyForDeploymentPostprocessing = 0;
		};
/* End PBXSourcesBuildPhase section */

/* Begin PBXVariantGroup section */
		4AD94E6A284A51CA00D65A5B /* Main.storyboard */ = {
			isa = PBXVariantGroup;
			children = (
				4AD94E6B284A51CA00D65A5B /* Base */,
			);
			name = Main.storyboard;
			sourceTree = "<group>";
		};
		4AD94E6F284A51CC00D65A5B /* LaunchScreen.storyboard */ = {
			isa = PBXVariantGroup;
			children = (
				4AD94E70284A51CC00D65A5B /* Base */,
			);
			name = LaunchScreen.storyboard;
			sourceTree = "<group>";
		};
/* End PBXVariantGroup section */

/* Begin XCBuildConfiguration section */
		4AD94E73284A51CC00D65A5B /* Debug */ = {
			isa = XCBuildConfiguration;
			buildSettings = {
				ALWAYS_SEARCH_USER_PATHS = NO;
				CLANG_ANALYZER_NONNULL = YES;
				CLANG_ANALYZER_NUMBER_OBJECT_CONVERSION = YES_AGGRESSIVE;
				CLANG_CXX_LANGUAGE_STANDARD = "gnu++14";
				CLANG_CXX_LIBRARY = "libc++";
				CLANG_ENABLE_MODULES = YES;
				CLANG_ENABLE_OBJC_ARC = YES;
				CLANG_ENABLE_OBJC_WEAK = YES;
				CLANG_WARN_BLOCK_CAPTURE_AUTORELEASING = YES;
				CLANG_WARN_BOOL_CONVERSION = YES;
				CLANG_WARN_COMMA = YES;
				CLANG_WARN_CONSTANT_CONVERSION = YES;
				CLANG_WARN_DEPRECATED_OBJC_IMPLEMENTATIONS = YES;
				CLANG_WARN_DIRECT_OBJC_ISA_USAGE = YES_ERROR;
				CLANG_WARN_DOCUMENTATION_COMMENTS = YES;
				CLANG_WARN_EMPTY_BODY = YES;
				CLANG_WARN_ENUM_CONVERSION = YES;
				CLANG_WARN_INFINITE_RECURSION = YES;
				CLANG_WARN_INT_CONVERSION = YES;
				CLANG_WARN_NON_LITERAL_NULL_CONVERSION = YES;
				CLANG_WARN_OBJC_IMPLICIT_RETAIN_SELF = YES;
				CLANG_WARN_OBJC_LITERAL_CONVERSION = YES;
				CLANG_WARN_OBJC_ROOT_CLASS = YES_ERROR;
				CLANG_WARN_QUOTED_INCLUDE_IN_FRAMEWORK_HEADER = YES;
				CLANG_WARN_RANGE_LOOP_ANALYSIS = YES;
				CLANG_WARN_STRICT_PROTOTYPES = YES;
				CLANG_WARN_SUSPICIOUS_MOVE = YES;
				CLANG_WARN_UNGUARDED_AVAILABILITY = YES_AGGRESSIVE;
				CLANG_WARN_UNREACHABLE_CODE = YES;
				CLANG_WARN__DUPLICATE_METHOD_MATCH = YES;
				COPY_PHASE_STRIP = NO;
				DEBUG_INFORMATION_FORMAT = dwarf;
				ENABLE_STRICT_OBJC_MSGSEND = YES;
				ENABLE_TESTABILITY = YES;
				GCC_C_LANGUAGE_STANDARD = gnu11;
				GCC_DYNAMIC_NO_PIC = NO;
				GCC_NO_COMMON_BLOCKS = YES;
				GCC_OPTIMIZATION_LEVEL = 0;
				GCC_PREPROCESSOR_DEFINITIONS = (
					"DEBUG=1",
					"$(inherited)",
				);
				GCC_WARN_64_TO_32_BIT_CONVERSION = YES;
				GCC_WARN_ABOUT_RETURN_TYPE = YES_ERROR;
				GCC_WARN_UNDECLARED_SELECTOR = YES;
				GCC_WARN_UNINITIALIZED_AUTOS = YES_AGGRESSIVE;
				GCC_WARN_UNUSED_FUNCTION = YES;
				GCC_WARN_UNUSED_VARIABLE = YES;
				IPHONEOS_DEPLOYMENT_TARGET = 14.4;
				MTL_ENABLE_DEBUG_INFO = INCLUDE_SOURCE;
				MTL_FAST_MATH = YES;
				ONLY_ACTIVE_ARCH = YES;
				SDKROOT = iphoneos;
				SWIFT_ACTIVE_COMPILATION_CONDITIONS = DEBUG;
				SWIFT_OPTIMIZATION_LEVEL = "-Onone";
			};
			name = Debug;
		};
		4AD94E74284A51CC00D65A5B /* Release */ = {
			isa = XCBuildConfiguration;
			buildSettings = {
				ALWAYS_SEARCH_USER_PATHS = NO;
				CLANG_ANALYZER_NONNULL = YES;
				CLANG_ANALYZER_NUMBER_OBJECT_CONVERSION = YES_AGGRESSIVE;
				CLANG_CXX_LANGUAGE_STANDARD = "gnu++14";
				CLANG_CXX_LIBRARY = "libc++";
				CLANG_ENABLE_MODULES = YES;
				CLANG_ENABLE_OBJC_ARC = YES;
				CLANG_ENABLE_OBJC_WEAK = YES;
				CLANG_WARN_BLOCK_CAPTURE_AUTORELEASING = YES;
				CLANG_WARN_BOOL_CONVERSION = YES;
				CLANG_WARN_COMMA = YES;
				CLANG_WARN_CONSTANT_CONVERSION = YES;
				CLANG_WARN_DEPRECATED_OBJC_IMPLEMENTATIONS = YES;
				CLANG_WARN_DIRECT_OBJC_ISA_USAGE = YES_ERROR;
				CLANG_WARN_DOCUMENTATION_COMMENTS = YES;
				CLANG_WARN_EMPTY_BODY = YES;
				CLANG_WARN_ENUM_CONVERSION = YES;
				CLANG_WARN_INFINITE_RECURSION = YES;
				CLANG_WARN_INT_CONVERSION = YES;
				CLANG_WARN_NON_LITERAL_NULL_CONVERSION = YES;
				CLANG_WARN_OBJC_IMPLICIT_RETAIN_SELF = YES;
				CLANG_WARN_OBJC_LITERAL_CONVERSION = YES;
				CLANG_WARN_OBJC_ROOT_CLASS = YES_ERROR;
				CLANG_WARN_QUOTED_INCLUDE_IN_FRAMEWORK_HEADER = YES;
				CLANG_WARN_RANGE_LOOP_ANALYSIS = YES;
				CLANG_WARN_STRICT_PROTOTYPES = YES;
				CLANG_WARN_SUSPICIOUS_MOVE = YES;
				CLANG_WARN_UNGUARDED_AVAILABILITY = YES_AGGRESSIVE;
				CLANG_WARN_UNREACHABLE_CODE = YES;
				CLANG_WARN__DUPLICATE_METHOD_MATCH = YES;
				COPY_PHASE_STRIP = NO;
				DEBUG_INFORMATION_FORMAT = "dwarf-with-dsym";
				ENABLE_NS_ASSERTIONS = NO;
				ENABLE_STRICT_OBJC_MSGSEND = YES;
				GCC_C_LANGUAGE_STANDARD = gnu11;
				GCC_NO_COMMON_BLOCKS = YES;
				GCC_WARN_64_TO_32_BIT_CONVERSION = YES;
				GCC_WARN_ABOUT_RETURN_TYPE = YES_ERROR;
				GCC_WARN_UNDECLARED_SELECTOR = YES;
				GCC_WARN_UNINITIALIZED_AUTOS = YES_AGGRESSIVE;
				GCC_WARN_UNUSED_FUNCTION = YES;
				GCC_WARN_UNUSED_VARIABLE = YES;
				IPHONEOS_DEPLOYMENT_TARGET = 14.4;
				MTL_ENABLE_DEBUG_INFO = NO;
				MTL_FAST_MATH = YES;
				SDKROOT = iphoneos;
				SWIFT_COMPILATION_MODE = wholemodule;
				SWIFT_OPTIMIZATION_LEVEL = "-O";
				VALIDATE_PRODUCT = YES;
			};
			name = Release;
		};
		4AD94E76284A51CC00D65A5B /* Debug */ = {
			isa = XCBuildConfiguration;
			buildSettings = {
				ASSETCATALOG_COMPILER_GLOBAL_ACCENT_COLOR_NAME = AccentColor;
				CODE_SIGN_STYLE = Automatic;
				DEVELOPMENT_TEAM = PB92MV6U93;
				INFOPLIST_FILE = galleryImages/Info.plist;
				LD_RUNPATH_SEARCH_PATHS = (
					"$(inherited)",
					"@executable_path/Frameworks",
				);
				PRODUCT_BUNDLE_IDENTIFIER = com.bienkokate.galleryImages;
				PRODUCT_NAME = "$(TARGET_NAME)";
				SWIFT_VERSION = 5.0;
				TARGETED_DEVICE_FAMILY = "1,2";
			};
			name = Debug;
		};
		4AD94E77284A51CC00D65A5B /* Release */ = {
			isa = XCBuildConfiguration;
			buildSettings = {
				ASSETCATALOG_COMPILER_GLOBAL_ACCENT_COLOR_NAME = AccentColor;
				CODE_SIGN_STYLE = Automatic;
				DEVELOPMENT_TEAM = PB92MV6U93;
				INFOPLIST_FILE = galleryImages/Info.plist;
				LD_RUNPATH_SEARCH_PATHS = (
					"$(inherited)",
					"@executable_path/Frameworks",
				);
				PRODUCT_BUNDLE_IDENTIFIER = com.bienkokate.galleryImages;
				PRODUCT_NAME = "$(TARGET_NAME)";
				SWIFT_VERSION = 5.0;
				TARGETED_DEVICE_FAMILY = "1,2";
			};
			name = Release;
		};
/* End XCBuildConfiguration section */

/* Begin XCConfigurationList section */
		4AD94E5C284A51CA00D65A5B /* Build configuration list for PBXProject "galleryImages" */ = {
			isa = XCConfigurationList;
			buildConfigurations = (
				4AD94E73284A51CC00D65A5B /* Debug */,
				4AD94E74284A51CC00D65A5B /* Release */,
			);
			defaultConfigurationIsVisible = 0;
			defaultConfigurationName = Release;
		};
		4AD94E75284A51CC00D65A5B /* Build configuration list for PBXNativeTarget "galleryImages" */ = {
			isa = XCConfigurationList;
			buildConfigurations = (
				4AD94E76284A51CC00D65A5B /* Debug */,
				4AD94E77284A51CC00D65A5B /* Release */,
			);
			defaultConfigurationIsVisible = 0;
			defaultConfigurationName = Release;
		};
/* End XCConfigurationList section */
	};
	rootObject = 4AD94E59284A51CA00D65A5B /* Project object */;
}
